
Microsoft Visual Studio Solution File, Format Version 12.00
# Visual Studio Version 17
VisualStudioVersion = 17.14.36705.20 d17.14
MinimumVisualStudioVersion = 10.0.40219.1
Project("{FAE04EC0-301F-11D3-BF4B-00C04F79EFBC}") = "QuotaDependentSpeed", "QuotaDependentSpeed.csproj", "{D2A5CE1E-F90C-4215-899B-A784EBC2C1F5}"
EndProject
Global
	GlobalSection(SolutionConfigurationPlatforms) = preSolution
		Debug|Any CPU = Debug|Any CPU
		Release|Any CPU = Release|Any CPU
	EndGlobalSection
	GlobalSection(ProjectConfigurationPlatforms) = postSolution
		{D2A5CE1E-F90C-4215-899B-A784EBC2C1F5}.Debug|Any CPU.ActiveCfg = Debug|Any CPU
		{D2A5CE1E-F90C-4215-899B-A784EBC2C1F5}.Debug|Any CPU.Build.0 = Debug|Any CPU
		{D2A5CE1E-F90C-4215-899B-A784EBC2C1F5}.Release|Any CPU.ActiveCfg = Release|Any CPU
		{D2A5CE1E-F90C-4215-899B-A784EBC2C1F5}.Release|Any CPU.Build.0 = Release|Any CPU
	EndGlobalSection
	GlobalSection(SolutionProperties) = preSolution
		HideSolutionNode = FALSE
	EndGlobalSection
	GlobalSection(ExtensibilityGlobals) = postSolution
		SolutionGuid = {6F6F1C97-9124-4948-8627-9B3C3AEC2AD8}
	EndGlobalSection
EndGlobal
